
Microsoft Visual Studio Solution File, Format Version 12.00
# Visual Studio Version 17
VisualStudioVersion = 17.11.35222.181
MinimumVisualStudioVersion = 10.0.40219.1
Project("{FAE04EC0-301F-11D3-BF4B-00C04F79EFBC}") = "jeuDeLaFourchette", "jeuDeLaFourchette\jeuDeLaFourchette.csproj", "{A308D2B0-66C9-4E4F-ACE4-6159BF1EFD2D}"
EndProject
Global
	GlobalSection(SolutionConfigurationPlatforms) = preSolution
		Debug|Any CPU = Debug|Any CPU
		Release|Any CPU = Release|Any CPU
	EndGlobalSection
	GlobalSection(ProjectConfigurationPlatforms) = postSolution
		{A308D2B0-66C9-4E4F-ACE4-6159BF1EFD2D}.Debug|Any CPU.ActiveCfg = Debug|Any CPU
		{A308D2B0-66C9-4E4F-ACE4-6159BF1EFD2D}.Debug|Any CPU.Build.0 = Debug|Any CPU
		{A308D2B0-66C9-4E4F-ACE4-6159BF1EFD2D}.Release|Any CPU.ActiveCfg = Release|Any CPU
		{A308D2B0-66C9-4E4F-ACE4-6159BF1EFD2D}.Release|Any CPU.Build.0 = Release|Any CPU
	EndGlobalSection
	GlobalSection(SolutionProperties) = preSolution
		HideSolutionNode = FALSE
	EndGlobalSection
	GlobalSection(ExtensibilityGlobals) = postSolution
		SolutionGuid = {73298EC7-BEE0-414E-B0C4-19EE14EAEB9F}
	EndGlobalSection
EndGlobal
