
Microsoft Visual Studio Solution File, Format Version 12.00
# Visual Studio Version 17
VisualStudioVersion = 17.11.35222.181
MinimumVisualStudioVersion = 10.0.40219.1
Project("{FAE04EC0-301F-11D3-BF4B-00C04F79EFBC}") = "nombrePremier", "nombrePremier\nombrePremier.csproj", "{7FA913F2-0A6C-43AD-AC8D-ACA5C79C5D47}"
EndProject
Global
	GlobalSection(SolutionConfigurationPlatforms) = preSolution
		Debug|Any CPU = Debug|Any CPU
		Release|Any CPU = Release|Any CPU
	EndGlobalSection
	GlobalSection(ProjectConfigurationPlatforms) = postSolution
		{7FA913F2-0A6C-43AD-AC8D-ACA5C79C5D47}.Debug|Any CPU.ActiveCfg = Debug|Any CPU
		{7FA913F2-0A6C-43AD-AC8D-ACA5C79C5D47}.Debug|Any CPU.Build.0 = Debug|Any CPU
		{7FA913F2-0A6C-43AD-AC8D-ACA5C79C5D47}.Release|Any CPU.ActiveCfg = Release|Any CPU
		{7FA913F2-0A6C-43AD-AC8D-ACA5C79C5D47}.Release|Any CPU.Build.0 = Release|Any CPU
	EndGlobalSection
	GlobalSection(SolutionProperties) = preSolution
		HideSolutionNode = FALSE
	EndGlobalSection
	GlobalSection(ExtensibilityGlobals) = postSolution
		SolutionGuid = {B529B77A-74AA-47F9-9519-0DD37DF05B59}
	EndGlobalSection
EndGlobal
