
Microsoft Visual Studio Solution File, Format Version 12.00
# Visual Studio Version 17
VisualStudioVersion = 17.11.35222.181
MinimumVisualStudioVersion = 10.0.40219.1
Project("{9A19103F-16F7-4668-BE54-9A1E7A4F7556}") = "EsTuMajeur.", "EsTuMajeur\EsTuMajeur..csproj", "{34326967-38A2-48E6-B962-2B695D8BEBD0}"
EndProject
Project("{9A19103F-16F7-4668-BE54-9A1E7A4F7556}") = "MaRetraite", "MaRetraite\MaRetraite.csproj", "{BC85BD4A-EBBD-4D9C-8341-4060B6AB0477}"
EndProject
Project("{9A19103F-16F7-4668-BE54-9A1E7A4F7556}") = "TriDeNombre", "..\TriDeNombre\TriDeNombre.csproj", "{8873A788-B9B1-4ADF-ACC1-D3042114DC57}"
EndProject
Project("{9A19103F-16F7-4668-BE54-9A1E7A4F7556}") = "LDasylvaTool", "ldasylvaTool\ldasylvaTool\LDasylvaTool.csproj", "{D5379CDC-E572-4BDD-8DFE-C49D100CDBB5}"
EndProject
Project("{9A19103F-16F7-4668-BE54-9A1E7A4F7556}") = "rechercher_le_nombre_d_occurence_d_d_une_lettre_dans_une_phrase", "rechercher_le_nombre_d_occurence_d_d_une_lettre_dans_une_phrase\rechercher_le_nombre_d_occurence_d_d_une_lettre_dans_une_phrase.csproj", "{6B0ADC08-237A-4A92-B4A0-9370668541E5}"
EndProject
Project("{9A19103F-16F7-4668-BE54-9A1E7A4F7556}") = "Denombrer_les_lettres_de_l_alphabet", "Denombrer_les_lettres_de_l_alphabet\Denombrer_les_lettres_de_l_alphabet.csproj", "{2F381642-7D9A-41C9-B090-002BCBF0861A}"
EndProject
Project("{FAE04EC0-301F-11D3-BF4B-00C04F79EFBC}") = "carte_de_restauration", "carte_de_restauration\carte_de_restauration.csproj", "{4A3D43FE-4384-434F-954D-00866ACB6433}"
EndProject
Global
	GlobalSection(SolutionConfigurationPlatforms) = preSolution
		Debug|Any CPU = Debug|Any CPU
		Release|Any CPU = Release|Any CPU
	EndGlobalSection
	GlobalSection(ProjectConfigurationPlatforms) = postSolution
		{34326967-38A2-48E6-B962-2B695D8BEBD0}.Debug|Any CPU.ActiveCfg = Debug|Any CPU
		{34326967-38A2-48E6-B962-2B695D8BEBD0}.Debug|Any CPU.Build.0 = Debug|Any CPU
		{34326967-38A2-48E6-B962-2B695D8BEBD0}.Release|Any CPU.ActiveCfg = Release|Any CPU
		{34326967-38A2-48E6-B962-2B695D8BEBD0}.Release|Any CPU.Build.0 = Release|Any CPU
		{BC85BD4A-EBBD-4D9C-8341-4060B6AB0477}.Debug|Any CPU.ActiveCfg = Debug|Any CPU
		{BC85BD4A-EBBD-4D9C-8341-4060B6AB0477}.Debug|Any CPU.Build.0 = Debug|Any CPU
		{BC85BD4A-EBBD-4D9C-8341-4060B6AB0477}.Release|Any CPU.ActiveCfg = Release|Any CPU
		{BC85BD4A-EBBD-4D9C-8341-4060B6AB0477}.Release|Any CPU.Build.0 = Release|Any CPU
		{8873A788-B9B1-4ADF-ACC1-D3042114DC57}.Debug|Any CPU.ActiveCfg = Debug|Any CPU
		{8873A788-B9B1-4ADF-ACC1-D3042114DC57}.Debug|Any CPU.Build.0 = Debug|Any CPU
		{8873A788-B9B1-4ADF-ACC1-D3042114DC57}.Release|Any CPU.ActiveCfg = Release|Any CPU
		{8873A788-B9B1-4ADF-ACC1-D3042114DC57}.Release|Any CPU.Build.0 = Release|Any CPU
		{D5379CDC-E572-4BDD-8DFE-C49D100CDBB5}.Debug|Any CPU.ActiveCfg = Debug|Any CPU
		{D5379CDC-E572-4BDD-8DFE-C49D100CDBB5}.Debug|Any CPU.Build.0 = Debug|Any CPU
		{D5379CDC-E572-4BDD-8DFE-C49D100CDBB5}.Release|Any CPU.ActiveCfg = Release|Any CPU
		{D5379CDC-E572-4BDD-8DFE-C49D100CDBB5}.Release|Any CPU.Build.0 = Release|Any CPU
		{6B0ADC08-237A-4A92-B4A0-9370668541E5}.Debug|Any CPU.ActiveCfg = Debug|Any CPU
		{6B0ADC08-237A-4A92-B4A0-9370668541E5}.Debug|Any CPU.Build.0 = Debug|Any CPU
		{6B0ADC08-237A-4A92-B4A0-9370668541E5}.Release|Any CPU.ActiveCfg = Release|Any CPU
		{6B0ADC08-237A-4A92-B4A0-9370668541E5}.Release|Any CPU.Build.0 = Release|Any CPU
		{2F381642-7D9A-41C9-B090-002BCBF0861A}.Debug|Any CPU.ActiveCfg = Debug|Any CPU
		{2F381642-7D9A-41C9-B090-002BCBF0861A}.Debug|Any CPU.Build.0 = Debug|Any CPU
		{2F381642-7D9A-41C9-B090-002BCBF0861A}.Release|Any CPU.ActiveCfg = Release|Any CPU
		{2F381642-7D9A-41C9-B090-002BCBF0861A}.Release|Any CPU.Build.0 = Release|Any CPU
		{4A3D43FE-4384-434F-954D-00866ACB6433}.Debug|Any CPU.ActiveCfg = Debug|Any CPU
		{4A3D43FE-4384-434F-954D-00866ACB6433}.Debug|Any CPU.Build.0 = Debug|Any CPU
		{4A3D43FE-4384-434F-954D-00866ACB6433}.Release|Any CPU.ActiveCfg = Release|Any CPU
		{4A3D43FE-4384-434F-954D-00866ACB6433}.Release|Any CPU.Build.0 = Release|Any CPU
	EndGlobalSection
	GlobalSection(SolutionProperties) = preSolution
		HideSolutionNode = FALSE
	EndGlobalSection
	GlobalSection(ExtensibilityGlobals) = postSolution
		SolutionGuid = {353BCDB6-C92B-4EF3-8D9A-4162AFBF88B3}
	EndGlobalSection
EndGlobal
