
Microsoft Visual Studio Solution File, Format Version 12.00
# Visual Studio Version 17
VisualStudioVersion = 17.11.35222.181
MinimumVisualStudioVersion = 10.0.40219.1
Project("{9A19103F-16F7-4668-BE54-9A1E7A4F7556}") = "ConsoleAppBouteille", "ConsoleAppBouteille\ConsoleAppBouteille.csproj", "{116600DB-B72C-4248-9D5B-98E071C712E0}"
	ProjectSection(ProjectDependencies) = postProject
		{CC9DFB80-315F-43DF-8F92-69A52357FAAF} = {CC9DFB80-315F-43DF-8F92-69A52357FAAF}
	EndProjectSection
EndProject
Project("{9A19103F-16F7-4668-BE54-9A1E7A4F7556}") = "ClassLibraryBouteille", "ClassLibraryBouteille\ClassLibraryBouteille.csproj", "{CC9DFB80-315F-43DF-8F92-69A52357FAAF}"
EndProject
Global
	GlobalSection(SolutionConfigurationPlatforms) = preSolution
		Debug|Any CPU = Debug|Any CPU
		Release|Any CPU = Release|Any CPU
	EndGlobalSection
	GlobalSection(ProjectConfigurationPlatforms) = postSolution
		{116600DB-B72C-4248-9D5B-98E071C712E0}.Debug|Any CPU.ActiveCfg = Debug|Any CPU
		{116600DB-B72C-4248-9D5B-98E071C712E0}.Debug|Any CPU.Build.0 = Debug|Any CPU
		{116600DB-B72C-4248-9D5B-98E071C712E0}.Release|Any CPU.ActiveCfg = Release|Any CPU
		{116600DB-B72C-4248-9D5B-98E071C712E0}.Release|Any CPU.Build.0 = Release|Any CPU
		{CC9DFB80-315F-43DF-8F92-69A52357FAAF}.Debug|Any CPU.ActiveCfg = Debug|Any CPU
		{CC9DFB80-315F-43DF-8F92-69A52357FAAF}.Debug|Any CPU.Build.0 = Debug|Any CPU
		{CC9DFB80-315F-43DF-8F92-69A52357FAAF}.Release|Any CPU.ActiveCfg = Release|Any CPU
		{CC9DFB80-315F-43DF-8F92-69A52357FAAF}.Release|Any CPU.Build.0 = Release|Any CPU
	EndGlobalSection
	GlobalSection(SolutionProperties) = preSolution
		HideSolutionNode = FALSE
	EndGlobalSection
	GlobalSection(ExtensibilityGlobals) = postSolution
		SolutionGuid = {98772880-B46E-48CC-B1AC-F09813B05A7D}
	EndGlobalSection
EndGlobal
